// !$*UTF8*$!
{
	archiveVersion = 1;
	classes = {
	};
	objectVersion = 77;
	objects = {

/* Begin PBXBuildFile section */
		544C63DE2E1829C5007704B4 /* DeviceActivityExtention.appex in Embed ExtensionKit Extensions */ = {isa = PBXBuildFile; fileRef = 544C63D22E1829C5007704B4 /* DeviceActivityExtention.appex */; settings = {ATTRIBUTES = (RemoveHeadersOnCopy, ); }; };
		54B2EF592D22409F00B30A75 /* GoogleMobileAds in Frameworks */ = {isa = PBXBuildFile; productRef = 54B2EF582D22409F00B30A75 /* GoogleMobileAds */; };
		54D9C35F2D0194BD00302B1E /* Alamofire in Frameworks */ = {isa = PBXBuildFile; productRef = 54D9C35E2D0194BD00302B1E /* Alamofire */; };
/* End PBXBuildFile section */

/* Begin PBXContainerItemProxy section */
		544C63DC2E1829C5007704B4 /* PBXContainerItemProxy */ = {
			isa = PBXContainerItemProxy;
			containerPortal = 54D9C2BA2CF989F200302B1E /* Project object */;
			proxyType = 1;
			remoteGlobalIDString = 544C63D12E1829C5007704B4;
			remoteInfo = DeviceActivityExtention;
		};
		54D9C2D32CF989F400302B1E /* PBXContainerItemProxy */ = {
			isa = PBXContainerItemProxy;
			containerPortal = 54D9C2BA2CF989F200302B1E /* Project object */;
			proxyType = 1;
			remoteGlobalIDString = 54D9C2C12CF989F200302B1E;
			remoteInfo = noPhone;
		};
		54D9C2DD2CF989F400302B1E /* PBXContainerItemProxy */ = {
			isa = PBXContainerItemProxy;
			containerPortal = 54D9C2BA2CF989F200302B1E /* Project object */;
			proxyType = 1;
			remoteGlobalIDString = 54D9C2C12CF989F200302B1E;
			remoteInfo = noPhone;
		};
/* End PBXContainerItemProxy section */

/* Begin PBXCopyFilesBuildPhase section */
		544C63E32E1829C5007704B4 /* Embed ExtensionKit Extensions */ = {
			isa = PBXCopyFilesBuildPhase;
			buildActionMask = 2147483647;
			dstPath = "$(EXTENSIONS_FOLDER_PATH)";
			dstSubfolderSpec = 16;
			files = (
				544C63DE2E1829C5007704B4 /* DeviceActivityExtention.appex in Embed ExtensionKit Extensions */,
			);
			name = "Embed ExtensionKit Extensions";
			runOnlyForDeploymentPostprocessing = 0;
		};
/* End PBXCopyFilesBuildPhase section */

/* Begin PBXFileReference section */
		544C63D22E1829C5007704B4 /* DeviceActivityExtention.appex */ = {isa = PBXFileReference; explicitFileType = "wrapper.extensionkit-extension"; includeInIndex = 0; path = DeviceActivityExtention.appex; sourceTree = BUILT_PRODUCTS_DIR; };
		54D9C2C22CF989F200302B1E /* noPhone.app */ = {isa = PBXFileReference; explicitFileType = wrapper.application; includeInIndex = 0; path = noPhone.app; sourceTree = BUILT_PRODUCTS_DIR; };
		54D9C2D22CF989F400302B1E /* noPhoneTests.xctest */ = {isa = PBXFileReference; explicitFileType = wrapper.cfbundle; includeInIndex = 0; path = noPhoneTests.xctest; sourceTree = BUILT_PRODUCTS_DIR; };
		54D9C2DC2CF989F400302B1E /* noPhoneUITests.xctest */ = {isa = PBXFileReference; explicitFileType = wrapper.cfbundle; includeInIndex = 0; path = noPhoneUITests.xctest; sourceTree = BUILT_PRODUCTS_DIR; };
/* End PBXFileReference section */

/* Begin PBXFileSystemSynchronizedBuildFileExceptionSet section */
		544C63E22E1829C5007704B4 /* Exceptions for "DeviceActivityExtention" folder in "DeviceActivityExtention" target */ = {
			isa = PBXFileSystemSynchronizedBuildFileExceptionSet;
			membershipExceptions = (
				Info.plist,
			);
			target = 544C63D12E1829C5007704B4 /* DeviceActivityExtention */;
		};
		54B2EF5B2D22419000B30A75 /* Exceptions for "noPhone" folder in "noPhone" target */ = {
			isa = PBXFileSystemSynchronizedBuildFileExceptionSet;
			membershipExceptions = (
				Info.plist,
			);
			target = 54D9C2C12CF989F200302B1E /* noPhone */;
		};
/* End PBXFileSystemSynchronizedBuildFileExceptionSet section */

/* Begin PBXFileSystemSynchronizedRootGroup section */
		544C63D32E1829C5007704B4 /* DeviceActivityExtention */ = {
			isa = PBXFileSystemSynchronizedRootGroup;
			exceptions = (
				544C63E22E1829C5007704B4 /* Exceptions for "DeviceActivityExtention" folder in "DeviceActivityExtention" target */,
			);
			path = DeviceActivityExtention;
			sourceTree = "<group>";
		};
		54D9C2C42CF989F200302B1E /* noPhone */ = {
			isa = PBXFileSystemSynchronizedRootGroup;
			exceptions = (
				54B2EF5B2D22419000B30A75 /* Exceptions for "noPhone" folder in "noPhone" target */,
			);
			path = noPhone;
			sourceTree = "<group>";
		};
/* End PBXFileSystemSynchronizedRootGroup section */

/* Begin PBXFrameworksBuildPhase section */
		544C63CF2E1829C5007704B4 /* Frameworks */ = {
			isa = PBXFrameworksBuildPhase;
			buildActionMask = 2147483647;
			files = (
			);
			runOnlyForDeploymentPostprocessing = 0;
		};
		54D9C2BF2CF989F200302B1E /* Frameworks */ = {
			isa = PBXFrameworksBuildPhase;
			buildActionMask = 2147483647;
			files = (
				54B2EF592D22409F00B30A75 /* GoogleMobileAds in Frameworks */,
				54D9C35F2D0194BD00302B1E /* Alamofire in Frameworks */,
			);
			runOnlyForDeploymentPostprocessing = 0;
		};
		54D9C2CF2CF989F400302B1E /* Frameworks */ = {
			isa = PBXFrameworksBuildPhase;
			buildActionMask = 2147483647;
			files = (
			);
			runOnlyForDeploymentPostprocessing = 0;
		};
		54D9C2D92CF989F400302B1E /* Frameworks */ = {
			isa = PBXFrameworksBuildPhase;
			buildActionMask = 2147483647;
			files = (
			);
			runOnlyForDeploymentPostprocessing = 0;
		};
/* End PBXFrameworksBuildPhase section */

/* Begin PBXGroup section */
		54D9C2B92CF989F200302B1E = {
			isa = PBXGroup;
			children = (
				54D9C2C42CF989F200302B1E /* noPhone */,
				544C63D32E1829C5007704B4 /* DeviceActivityExtention */,
				54D9C2C32CF989F200302B1E /* Products */,
			);
			sourceTree = "<group>";
		};
		54D9C2C32CF989F200302B1E /* Products */ = {
			isa = PBXGroup;
			children = (
				54D9C2C22CF989F200302B1E /* noPhone.app */,
				54D9C2D22CF989F400302B1E /* noPhoneTests.xctest */,
				54D9C2DC2CF989F400302B1E /* noPhoneUITests.xctest */,
				544C63D22E1829C5007704B4 /* DeviceActivityExtention.appex */,
			);
			name = Products;
			sourceTree = "<group>";
		};
/* End PBXGroup section */

/* Begin PBXNativeTarget section */
		544C63D12E1829C5007704B4 /* DeviceActivityExtention */ = {
			isa = PBXNativeTarget;
			buildConfigurationList = 544C63DF2E1829C5007704B4 /* Build configuration list for PBXNativeTarget "DeviceActivityExtention" */;
			buildPhases = (
				544C63CE2E1829C5007704B4 /* Sources */,
				544C63CF2E1829C5007704B4 /* Frameworks */,
				544C63D02E1829C5007704B4 /* Resources */,
			);
			buildRules = (
			);
			dependencies = (
			);
			fileSystemSynchronizedGroups = (
				544C63D32E1829C5007704B4 /* DeviceActivityExtention */,
			);
			name = DeviceActivityExtention;
			packageProductDependencies = (
			);
			productName = DeviceActivityExtention;
			productReference = 544C63D22E1829C5007704B4 /* DeviceActivityExtention.appex */;
			productType = "com.apple.product-type.extensionkit-extension";
		};
		54D9C2C12CF989F200302B1E /* noPhone */ = {
			isa = PBXNativeTarget;
			buildConfigurationList = 54D9C2E62CF989F400302B1E /* Build configuration list for PBXNativeTarget "noPhone" */;
			buildPhases = (
				54D9C2BE2CF989F200302B1E /* Sources */,
				54D9C2BF2CF989F200302B1E /* Frameworks */,
				54D9C2C02CF989F200302B1E /* Resources */,
				544C63E32E1829C5007704B4 /* Embed ExtensionKit Extensions */,
			);
			buildRules = (
			);
			dependencies = (
				544C63DD2E1829C5007704B4 /* PBXTargetDependency */,
			);
			fileSystemSynchronizedGroups = (
				54D9C2C42CF989F200302B1E /* noPhone */,
			);
			name = noPhone;
			packageProductDependencies = (
				54D9C35E2D0194BD00302B1E /* Alamofire */,
				54B2EF582D22409F00B30A75 /* GoogleMobileAds */,
			);
			productName = noPhone;
			productReference = 54D9C2C22CF989F200302B1E /* noPhone.app */;
			productType = "com.apple.product-type.application";
		};
		54D9C2D12CF989F400302B1E /* noPhoneTests */ = {
			isa = PBXNativeTarget;
			buildConfigurationList = 54D9C2E92CF989F400302B1E /* Build configuration list for PBXNativeTarget "noPhoneTests" */;
			buildPhases = (
				54D9C2CE2CF989F400302B1E /* Sources */,
				54D9C2CF2CF989F400302B1E /* Frameworks */,
				54D9C2D02CF989F400302B1E /* Resources */,
			);
			buildRules = (
			);
			dependencies = (
				54D9C2D42CF989F400302B1E /* PBXTargetDependency */,
			);
			name = noPhoneTests;
			packageProductDependencies = (
			);
			productName = noPhoneTests;
			productReference = 54D9C2D22CF989F400302B1E /* noPhoneTests.xctest */;
			productType = "com.apple.product-type.bundle.unit-test";
		};
		54D9C2DB2CF989F400302B1E /* noPhoneUITests */ = {
			isa = PBXNativeTarget;
			buildConfigurationList = 54D9C2EC2CF989F400302B1E /* Build configuration list for PBXNativeTarget "noPhoneUITests" */;
			buildPhases = (
				54D9C2D82CF989F400302B1E /* Sources */,
				54D9C2D92CF989F400302B1E /* Frameworks */,
				54D9C2DA2CF989F400302B1E /* Resources */,
			);
			buildRules = (
			);
			dependencies = (
				54D9C2DE2CF989F400302B1E /* PBXTargetDependency */,
			);
			name = noPhoneUITests;
			packageProductDependencies = (
			);
			productName = noPhoneUITests;
			productReference = 54D9C2DC2CF989F400302B1E /* noPhoneUITests.xctest */;
			productType = "com.apple.product-type.bundle.ui-testing";
		};
/* End PBXNativeTarget section */

/* Begin PBXProject section */
		54D9C2BA2CF989F200302B1E /* Project object */ = {
			isa = PBXProject;
			attributes = {
				BuildIndependentTargetsInParallel = 1;
				LastSwiftUpdateCheck = 1620;
				LastUpgradeCheck = 1610;
				TargetAttributes = {
					544C63D12E1829C5007704B4 = {
						CreatedOnToolsVersion = 16.2;
					};
					54D9C2C12CF989F200302B1E = {
						CreatedOnToolsVersion = 16.1;
					};
					54D9C2D12CF989F400302B1E = {
						CreatedOnToolsVersion = 16.1;
						TestTargetID = 54D9C2C12CF989F200302B1E;
					};
					54D9C2DB2CF989F400302B1E = {
						CreatedOnToolsVersion = 16.1;
						TestTargetID = 54D9C2C12CF989F200302B1E;
					};
				};
			};
			buildConfigurationList = 54D9C2BD2CF989F200302B1E /* Build configuration list for PBXProject "noPhone" */;
			developmentRegion = en;
			hasScannedForEncodings = 0;
			knownRegions = (
				en,
				Base,
			);
			mainGroup = 54D9C2B92CF989F200302B1E;
			minimizedProjectReferenceProxies = 1;
			packageReferences = (
				54D9C35D2D0194BD00302B1E /* XCRemoteSwiftPackageReference "Alamofire" */,
				54B2EF572D22409F00B30A75 /* XCRemoteSwiftPackageReference "swift-package-manager-google-mobile-ads" */,
			);
			preferredProjectObjectVersion = 77;
			productRefGroup = 54D9C2C32CF989F200302B1E /* Products */;
			projectDirPath = "";
			projectRoot = "";
			targets = (
				54D9C2C12CF989F200302B1E /* noPhone */,
				54D9C2D12CF989F400302B1E /* noPhoneTests */,
				54D9C2DB2CF989F400302B1E /* noPhoneUITests */,
				544C63D12E1829C5007704B4 /* DeviceActivityExtention */,
			);
		};
/* End PBXProject section */

/* Begin PBXResourcesBuildPhase section */
		544C63D02E1829C5007704B4 /* Resources */ = {
			isa = PBXResourcesBuildPhase;
			buildActionMask = 2147483647;
			files = (
			);
			runOnlyForDeploymentPostprocessing = 0;
		};
		54D9C2C02CF989F200302B1E /* Resources */ = {
			isa = PBXResourcesBuildPhase;
			buildActionMask = 2147483647;
			files = (
			);
			runOnlyForDeploymentPostprocessing = 0;
		};
		54D9C2D02CF989F400302B1E /* Resources */ = {
			isa = PBXResourcesBuildPhase;
			buildActionMask = 2147483647;
			files = (
			);
			runOnlyForDeploymentPostprocessing = 0;
		};
		54D9C2DA2CF989F400302B1E /* Resources */ = {
			isa = PBXResourcesBuildPhase;
			buildActionMask = 2147483647;
			files = (
			);
			runOnlyForDeploymentPostprocessing = 0;
		};
/* End PBXResourcesBuildPhase section */

/* Begin PBXSourcesBuildPhase section */
		544C63CE2E1829C5007704B4 /* Sources */ = {
			isa = PBXSourcesBuildPhase;
			buildActionMask = 2147483647;
			files = (
			);
			runOnlyForDeploymentPostprocessing = 0;
		};
		54D9C2BE2CF989F200302B1E /* Sources */ = {
			isa = PBXSourcesBuildPhase;
			buildActionMask = 2147483647;
			files = (
			);
			runOnlyForDeploymentPostprocessing = 0;
		};
		54D9C2CE2CF989F400302B1E /* Sources */ = {
			isa = PBXSourcesBuildPhase;
			buildActionMask = 2147483647;
			files = (
			);
			runOnlyForDeploymentPostprocessing = 0;
		};
		54D9C2D82CF989F400302B1E /* Sources */ = {
			isa = PBXSourcesBuildPhase;
			buildActionMask = 2147483647;
			files = (
			);
			runOnlyForDeploymentPostprocessing = 0;
		};
/* End PBXSourcesBuildPhase section */

/* Begin PBXTargetDependency section */
		544C63DD2E1829C5007704B4 /* PBXTargetDependency */ = {
			isa = PBXTargetDependency;
			target = 544C63D12E1829C5007704B4 /* DeviceActivityExtention */;
			targetProxy = 544C63DC2E1829C5007704B4 /* PBXContainerItemProxy */;
		};
		54D9C2D42CF989F400302B1E /* PBXTargetDependency */ = {
			isa = PBXTargetDependency;
			target = 54D9C2C12CF989F200302B1E /* noPhone */;
			targetProxy = 54D9C2D32CF989F400302B1E /* PBXContainerItemProxy */;
		};
		54D9C2DE2CF989F400302B1E /* PBXTargetDependency */ = {
			isa = PBXTargetDependency;
			target = 54D9C2C12CF989F200302B1E /* noPhone */;
			targetProxy = 54D9C2DD2CF989F400302B1E /* PBXContainerItemProxy */;
		};
/* End PBXTargetDependency section */

/* Begin XCBuildConfiguration section */
		544C63E02E1829C5007704B4 /* Debug */ = {
			isa = XCBuildConfiguration;
			buildSettings = {
				CODE_SIGN_ENTITLEMENTS = DeviceActivityExtention/DeviceActivityExtention.entitlements;
				CODE_SIGN_STYLE = Automatic;
				CURRENT_PROJECT_VERSION = 1;
				DEVELOPMENT_TEAM = LRLZS967P7;
				GENERATE_INFOPLIST_FILE = YES;
				INFOPLIST_FILE = DeviceActivityExtention/Info.plist;
				INFOPLIST_KEY_CFBundleDisplayName = DeviceActivityExtention;
				INFOPLIST_KEY_NSHumanReadableCopyright = "";
				IPHONEOS_DEPLOYMENT_TARGET = 18.2;
				LD_RUNPATH_SEARCH_PATHS = (
					"$(inherited)",
					"@executable_path/Frameworks",
					"@executable_path/../../Frameworks",
				);
				MARKETING_VERSION = 1.0;
				PRODUCT_BUNDLE_IDENTIFIER = "----.noPhone.DeviceActivityExtention";
				PRODUCT_NAME = "$(TARGET_NAME)";
				SKIP_INSTALL = YES;
				SWIFT_EMIT_LOC_STRINGS = YES;
				SWIFT_VERSION = 5.0;
				TARGETED_DEVICE_FAMILY = "1,2";
			};
			name = Debug;
		};
		544C63E12E1829C5007704B4 /* Release */ = {
			isa = XCBuildConfiguration;
			buildSettings = {
				CODE_SIGN_ENTITLEMENTS = DeviceActivityExtention/DeviceActivityExtention.entitlements;
				CODE_SIGN_STYLE = Automatic;
				CURRENT_PROJECT_VERSION = 1;
				DEVELOPMENT_TEAM = LRLZS967P7;
				GENERATE_INFOPLIST_FILE = YES;
				INFOPLIST_FILE = DeviceActivityExtention/Info.plist;
				INFOPLIST_KEY_CFBundleDisplayName = DeviceActivityExtention;
				INFOPLIST_KEY_NSHumanReadableCopyright = "";
				IPHONEOS_DEPLOYMENT_TARGET = 18.2;
				LD_RUNPATH_SEARCH_PATHS = (
					"$(inherited)",
					"@executable_path/Frameworks",
					"@executable_path/../../Frameworks",
				);
				MARKETING_VERSION = 1.0;
				PRODUCT_BUNDLE_IDENTIFIER = "----.noPhone.DeviceActivityExtention";
				PRODUCT_NAME = "$(TARGET_NAME)";
				SKIP_INSTALL = YES;
				SWIFT_EMIT_LOC_STRINGS = YES;
				SWIFT_VERSION = 5.0;
				TARGETED_DEVICE_FAMILY = "1,2";
			};
			name = Release;
		};
		54D9C2E42CF989F400302B1E /* Debug */ = {
			isa = XCBuildConfiguration;
			buildSettings = {
				ALWAYS_SEARCH_USER_PATHS = NO;
				ASSETCATALOG_COMPILER_GENERATE_SWIFT_ASSET_SYMBOL_EXTENSIONS = YES;
				CLANG_ANALYZER_NONNULL = YES;
				CLANG_ANALYZER_NUMBER_OBJECT_CONVERSION = YES_AGGRESSIVE;
				CLANG_CXX_LANGUAGE_STANDARD = "gnu++20";
				CLANG_ENABLE_MODULES = YES;
				CLANG_ENABLE_OBJC_ARC = YES;
				CLANG_ENABLE_OBJC_WEAK = YES;
				CLANG_WARN_BLOCK_CAPTURE_AUTORELEASING = YES;
				CLANG_WARN_BOOL_CONVERSION = YES;
				CLANG_WARN_COMMA = YES;
				CLANG_WARN_CONSTANT_CONVERSION = YES;
				CLANG_WARN_DEPRECATED_OBJC_IMPLEMENTATIONS = YES;
				CLANG_WARN_DIRECT_OBJC_ISA_USAGE = YES_ERROR;
				CLANG_WARN_DOCUMENTATION_COMMENTS = YES;
				CLANG_WARN_EMPTY_BODY = YES;
				CLANG_WARN_ENUM_CONVERSION = YES;
				CLANG_WARN_INFINITE_RECURSION = YES;
				CLANG_WARN_INT_CONVERSION = YES;
				CLANG_WARN_NON_LITERAL_NULL_CONVERSION = YES;
				CLANG_WARN_OBJC_IMPLICIT_RETAIN_SELF = YES;
				CLANG_WARN_OBJC_LITERAL_CONVERSION = YES;
				CLANG_WARN_OBJC_ROOT_CLASS = YES_ERROR;
				CLANG_WARN_QUOTED_INCLUDE_IN_FRAMEWORK_HEADER = YES;
				CLANG_WARN_RANGE_LOOP_ANALYSIS = YES;
				CLANG_WARN_STRICT_PROTOTYPES = YES;
				CLANG_WARN_SUSPICIOUS_MOVE = YES;
				CLANG_WARN_UNGUARDED_AVAILABILITY = YES_AGGRESSIVE;
				CLANG_WARN_UNREACHABLE_CODE = YES;
				CLANG_WARN__DUPLICATE_METHOD_MATCH = YES;
				COPY_PHASE_STRIP = NO;
				DEBUG_INFORMATION_FORMAT = dwarf;
				ENABLE_STRICT_OBJC_MSGSEND = YES;
				ENABLE_TESTABILITY = YES;
				ENABLE_USER_SCRIPT_SANDBOXING = YES;
				GCC_C_LANGUAGE_STANDARD = gnu17;
				GCC_DYNAMIC_NO_PIC = NO;
				GCC_NO_COMMON_BLOCKS = YES;
				GCC_OPTIMIZATION_LEVEL = 0;
				GCC_PREPROCESSOR_DEFINITIONS = (
					"DEBUG=1",
					"$(inherited)",
				);
				GCC_WARN_64_TO_32_BIT_CONVERSION = YES;
				GCC_WARN_ABOUT_RETURN_TYPE = YES_ERROR;
				GCC_WARN_UNDECLARED_SELECTOR = YES;
				GCC_WARN_UNINITIALIZED_AUTOS = YES_AGGRESSIVE;
				GCC_WARN_UNUSED_FUNCTION = YES;
				GCC_WARN_UNUSED_VARIABLE = YES;
				IPHONEOS_DEPLOYMENT_TARGET = 18.1;
				LOCALIZATION_PREFERS_STRING_CATALOGS = YES;
				MTL_ENABLE_DEBUG_INFO = INCLUDE_SOURCE;
				MTL_FAST_MATH = YES;
				ONLY_ACTIVE_ARCH = YES;
				SDKROOT = iphoneos;
				SWIFT_ACTIVE_COMPILATION_CONDITIONS = "DEBUG $(inherited)";
				SWIFT_OPTIMIZATION_LEVEL = "-Onone";
			};
			name = Debug;
		};
		54D9C2E52CF989F400302B1E /* Release */ = {
			isa = XCBuildConfiguration;
			buildSettings = {
				ALWAYS_SEARCH_USER_PATHS = NO;
				ASSETCATALOG_COMPILER_GENERATE_SWIFT_ASSET_SYMBOL_EXTENSIONS = YES;
				CLANG_ANALYZER_NONNULL = YES;
				CLANG_ANALYZER_NUMBER_OBJECT_CONVERSION = YES_AGGRESSIVE;
				CLANG_CXX_LANGUAGE_STANDARD = "gnu++20";
				CLANG_ENABLE_MODULES = YES;
				CLANG_ENABLE_OBJC_ARC = YES;
				CLANG_ENABLE_OBJC_WEAK = YES;
				CLANG_WARN_BLOCK_CAPTURE_AUTORELEASING = YES;
				CLANG_WARN_BOOL_CONVERSION = YES;
				CLANG_WARN_COMMA = YES;
				CLANG_WARN_CONSTANT_CONVERSION = YES;
				CLANG_WARN_DEPRECATED_OBJC_IMPLEMENTATIONS = YES;
				CLANG_WARN_DIRECT_OBJC_ISA_USAGE = YES_ERROR;
				CLANG_WARN_DOCUMENTATION_COMMENTS = YES;
				CLANG_WARN_EMPTY_BODY = YES;
				CLANG_WARN_ENUM_CONVERSION = YES;
				CLANG_WARN_INFINITE_RECURSION = YES;
				CLANG_WARN_INT_CONVERSION = YES;
				CLANG_WARN_NON_LITERAL_NULL_CONVERSION = YES;
				CLANG_WARN_OBJC_IMPLICIT_RETAIN_SELF = YES;
				CLANG_WARN_OBJC_LITERAL_CONVERSION = YES;
				CLANG_WARN_OBJC_ROOT_CLASS = YES_ERROR;
				CLANG_WARN_QUOTED_INCLUDE_IN_FRAMEWORK_HEADER = YES;
				CLANG_WARN_RANGE_LOOP_ANALYSIS = YES;
				CLANG_WARN_STRICT_PROTOTYPES = YES;
				CLANG_WARN_SUSPICIOUS_MOVE = YES;
				CLANG_WARN_UNGUARDED_AVAILABILITY = YES_AGGRESSIVE;
				CLANG_WARN_UNREACHABLE_CODE = YES;
				CLANG_WARN__DUPLICATE_METHOD_MATCH = YES;
				COPY_PHASE_STRIP = NO;
				DEBUG_INFORMATION_FORMAT = "dwarf-with-dsym";
				ENABLE_NS_ASSERTIONS = NO;
				ENABLE_STRICT_OBJC_MSGSEND = YES;
				ENABLE_USER_SCRIPT_SANDBOXING = YES;
				GCC_C_LANGUAGE_STANDARD = gnu17;
				GCC_NO_COMMON_BLOCKS = YES;
				GCC_WARN_64_TO_32_BIT_CONVERSION = YES;
				GCC_WARN_ABOUT_RETURN_TYPE = YES_ERROR;
				GCC_WARN_UNDECLARED_SELECTOR = YES;
				GCC_WARN_UNINITIALIZED_AUTOS = YES_AGGRESSIVE;
				GCC_WARN_UNUSED_FUNCTION = YES;
				GCC_WARN_UNUSED_VARIABLE = YES;
				IPHONEOS_DEPLOYMENT_TARGET = 18.1;
				LOCALIZATION_PREFERS_STRING_CATALOGS = YES;
				MTL_ENABLE_DEBUG_INFO = NO;
				MTL_FAST_MATH = YES;
				SDKROOT = iphoneos;
				SWIFT_COMPILATION_MODE = wholemodule;
				VALIDATE_PRODUCT = YES;
			};
			name = Release;
		};
		54D9C2E72CF989F400302B1E /* Debug */ = {
			isa = XCBuildConfiguration;
			buildSettings = {
				ASSETCATALOG_COMPILER_APPICON_NAME = AppIcon;
				ASSETCATALOG_COMPILER_GLOBAL_ACCENT_COLOR_NAME = AccentColor;
				CODE_SIGN_ENTITLEMENTS = noPhone/noPhoneRelease.entitlements;
				CODE_SIGN_STYLE = Automatic;
				CURRENT_PROJECT_VERSION = 1;
				DEVELOPMENT_TEAM = LRLZS967P7;
				ENABLE_PREVIEWS = YES;
				GENERATE_INFOPLIST_FILE = YES;
				INFOPLIST_FILE = noPhone/Info.plist;
				INFOPLIST_KEY_CFBundleDisplayName = "サボLock";
				INFOPLIST_KEY_UIApplicationSceneManifest_Generation = YES;
				INFOPLIST_KEY_UIApplicationSupportsIndirectInputEvents = YES;
				INFOPLIST_KEY_UILaunchScreen_Generation = YES;
				INFOPLIST_KEY_UISupportedInterfaceOrientations_iPad = "UIInterfaceOrientationPortrait UIInterfaceOrientationPortraitUpsideDown UIInterfaceOrientationLandscapeLeft UIInterfaceOrientationLandscapeRight";
				INFOPLIST_KEY_UISupportedInterfaceOrientations_iPhone = "UIInterfaceOrientationPortrait UIInterfaceOrientationLandscapeLeft UIInterfaceOrientationLandscapeRight";
				LD_RUNPATH_SEARCH_PATHS = (
					"$(inherited)",
					"@executable_path/Frameworks",
				);
				MARKETING_VERSION = 1.0;
				PRODUCT_BUNDLE_IDENTIFIER = "----.noPhone";
				PRODUCT_NAME = "$(TARGET_NAME)";
				SWIFT_EMIT_LOC_STRINGS = YES;
				SWIFT_VERSION = 5.0;
				TARGETED_DEVICE_FAMILY = "1,2";
			};
			name = Debug;
		};
		54D9C2E82CF989F400302B1E /* Release */ = {
			isa = XCBuildConfiguration;
			buildSettings = {
				ASSETCATALOG_COMPILER_APPICON_NAME = AppIcon;
				ASSETCATALOG_COMPILER_GLOBAL_ACCENT_COLOR_NAME = AccentColor;
				CODE_SIGN_ENTITLEMENTS = noPhone/noPhoneRelease.entitlements;
				CODE_SIGN_STYLE = Automatic;
				CURRENT_PROJECT_VERSION = 1;
				DEVELOPMENT_TEAM = LRLZS967P7;
				ENABLE_PREVIEWS = YES;
				GENERATE_INFOPLIST_FILE = YES;
				INFOPLIST_FILE = noPhone/Info.plist;
				INFOPLIST_KEY_CFBundleDisplayName = "サボLock";
				INFOPLIST_KEY_UIApplicationSceneManifest_Generation = YES;
				INFOPLIST_KEY_UIApplicationSupportsIndirectInputEvents = YES;
				INFOPLIST_KEY_UILaunchScreen_Generation = YES;
				INFOPLIST_KEY_UISupportedInterfaceOrientations_iPad = "UIInterfaceOrientationPortrait UIInterfaceOrientationPortraitUpsideDown UIInterfaceOrientationLandscapeLeft UIInterfaceOrientationLandscapeRight";
				INFOPLIST_KEY_UISupportedInterfaceOrientations_iPhone = "UIInterfaceOrientationPortrait UIInterfaceOrientationLandscapeLeft UIInterfaceOrientationLandscapeRight";
				LD_RUNPATH_SEARCH_PATHS = (
					"$(inherited)",
					"@executable_path/Frameworks",
				);
				MARKETING_VERSION = 1.0;
				PRODUCT_BUNDLE_IDENTIFIER = "----.noPhone";
				PRODUCT_NAME = "$(TARGET_NAME)";
				SWIFT_EMIT_LOC_STRINGS = YES;
				SWIFT_VERSION = 5.0;
				TARGETED_DEVICE_FAMILY = "1,2";
			};
			name = Release;
		};
		54D9C2EA2CF989F400302B1E /* Debug */ = {
			isa = XCBuildConfiguration;
			buildSettings = {
				BUNDLE_LOADER = "$(TEST_HOST)";
				CODE_SIGN_STYLE = Automatic;
				CURRENT_PROJECT_VERSION = 1;
				DEVELOPMENT_TEAM = LRLZS967P7;
				GENERATE_INFOPLIST_FILE = YES;
				IPHONEOS_DEPLOYMENT_TARGET = 18.1;
				MARKETING_VERSION = 1.0;
				PRODUCT_BUNDLE_IDENTIFIER = "----.noPhoneTests";
				PRODUCT_NAME = "$(TARGET_NAME)";
				SWIFT_EMIT_LOC_STRINGS = NO;
				SWIFT_VERSION = 5.0;
				TARGETED_DEVICE_FAMILY = "1,2";
				TEST_HOST = "$(BUILT_PRODUCTS_DIR)/noPhone.app/$(BUNDLE_EXECUTABLE_FOLDER_PATH)/noPhone";
			};
			name = Debug;
		};
		54D9C2EB2CF989F400302B1E /* Release */ = {
			isa = XCBuildConfiguration;
			buildSettings = {
				BUNDLE_LOADER = "$(TEST_HOST)";
				CODE_SIGN_STYLE = Automatic;
				CURRENT_PROJECT_VERSION = 1;
				DEVELOPMENT_TEAM = LRLZS967P7;
				GENERATE_INFOPLIST_FILE = YES;
				IPHONEOS_DEPLOYMENT_TARGET = 18.1;
				MARKETING_VERSION = 1.0;
				PRODUCT_BUNDLE_IDENTIFIER = "----.noPhoneTests";
				PRODUCT_NAME = "$(TARGET_NAME)";
				SWIFT_EMIT_LOC_STRINGS = NO;
				SWIFT_VERSION = 5.0;
				TARGETED_DEVICE_FAMILY = "1,2";
				TEST_HOST = "$(BUILT_PRODUCTS_DIR)/noPhone.app/$(BUNDLE_EXECUTABLE_FOLDER_PATH)/noPhone";
			};
			name = Release;
		};
		54D9C2ED2CF989F400302B1E /* Debug */ = {
			isa = XCBuildConfiguration;
			buildSettings = {
				CODE_SIGN_STYLE = Automatic;
				CURRENT_PROJECT_VERSION = 1;
				DEVELOPMENT_TEAM = LRLZS967P7;
				GENERATE_INFOPLIST_FILE = YES;
				MARKETING_VERSION = 1.0;
				PRODUCT_BUNDLE_IDENTIFIER = "----.noPhoneUITests";
				PRODUCT_NAME = "$(TARGET_NAME)";
				SWIFT_EMIT_LOC_STRINGS = NO;
				SWIFT_VERSION = 5.0;
				TARGETED_DEVICE_FAMILY = "1,2";
				TEST_TARGET_NAME = noPhone;
			};
			name = Debug;
		};
		54D9C2EE2CF989F400302B1E /* Release */ = {
			isa = XCBuildConfiguration;
			buildSettings = {
				CODE_SIGN_STYLE = Automatic;
				CURRENT_PROJECT_VERSION = 1;
				DEVELOPMENT_TEAM = LRLZS967P7;
				GENERATE_INFOPLIST_FILE = YES;
				MARKETING_VERSION = 1.0;
				PRODUCT_BUNDLE_IDENTIFIER = "----.noPhoneUITests";
				PRODUCT_NAME = "$(TARGET_NAME)";
				SWIFT_EMIT_LOC_STRINGS = NO;
				SWIFT_VERSION = 5.0;
				TARGETED_DEVICE_FAMILY = "1,2";
				TEST_TARGET_NAME = noPhone;
			};
			name = Release;
		};
/* End XCBuildConfiguration section */

/* Begin XCConfigurationList section */
		544C63DF2E1829C5007704B4 /* Build configuration list for PBXNativeTarget "DeviceActivityExtention" */ = {
			isa = XCConfigurationList;
			buildConfigurations = (
				544C63E02E1829C5007704B4 /* Debug */,
				544C63E12E1829C5007704B4 /* Release */,
			);
			defaultConfigurationIsVisible = 0;
			defaultConfigurationName = Release;
		};
		54D9C2BD2CF989F200302B1E /* Build configuration list for PBXProject "noPhone" */ = {
			isa = XCConfigurationList;
			buildConfigurations = (
				54D9C2E42CF989F400302B1E /* Debug */,
				54D9C2E52CF989F400302B1E /* Release */,
			);
			defaultConfigurationIsVisible = 0;
			defaultConfigurationName = Release;
		};
		54D9C2E62CF989F400302B1E /* Build configuration list for PBXNativeTarget "noPhone" */ = {
			isa = XCConfigurationList;
			buildConfigurations = (
				54D9C2E72CF989F400302B1E /* Debug */,
				54D9C2E82CF989F400302B1E /* Release */,
			);
			defaultConfigurationIsVisible = 0;
			defaultConfigurationName = Release;
		};
		54D9C2E92CF989F400302B1E /* Build configuration list for PBXNativeTarget "noPhoneTests" */ = {
			isa = XCConfigurationList;
			buildConfigurations = (
				54D9C2EA2CF989F400302B1E /* Debug */,
				54D9C2EB2CF989F400302B1E /* Release */,
			);
			defaultConfigurationIsVisible = 0;
			defaultConfigurationName = Release;
		};
		54D9C2EC2CF989F400302B1E /* Build configuration list for PBXNativeTarget "noPhoneUITests" */ = {
			isa = XCConfigurationList;
			buildConfigurations = (
				54D9C2ED2CF989F400302B1E /* Debug */,
				54D9C2EE2CF989F400302B1E /* Release */,
			);
			defaultConfigurationIsVisible = 0;
			defaultConfigurationName = Release;
		};
/* End XCConfigurationList section */

/* Begin XCRemoteSwiftPackageReference section */
		54B2EF572D22409F00B30A75 /* XCRemoteSwiftPackageReference "swift-package-manager-google-mobile-ads" */ = {
			isa = XCRemoteSwiftPackageReference;
			repositoryURL = "https://github.com/googleads/swift-package-manager-google-mobile-ads.git";
			requirement = {
				kind = upToNextMajorVersion;
				minimumVersion = 11.13.0;
			};
		};
		54D9C35D2D0194BD00302B1E /* XCRemoteSwiftPackageReference "Alamofire" */ = {
			isa = XCRemoteSwiftPackageReference;
			repositoryURL = "https://github.com/Alamofire/Alamofire.git";
			requirement = {
				kind = upToNextMajorVersion;
				minimumVersion = 5.10.2;
			};
		};
/* End XCRemoteSwiftPackageReference section */

/* Begin XCSwiftPackageProductDependency section */
		54B2EF582D22409F00B30A75 /* GoogleMobileAds */ = {
			isa = XCSwiftPackageProductDependency;
			package = 54B2EF572D22409F00B30A75 /* XCRemoteSwiftPackageReference "swift-package-manager-google-mobile-ads" */;
			productName = GoogleMobileAds;
		};
		54D9C35E2D0194BD00302B1E /* Alamofire */ = {
			isa = XCSwiftPackageProductDependency;
			package = 54D9C35D2D0194BD00302B1E /* XCRemoteSwiftPackageReference "Alamofire" */;
			productName = Alamofire;
		};
/* End XCSwiftPackageProductDependency section */
	};
	rootObject = 54D9C2BA2CF989F200302B1E /* Project object */;
}
